// !$*UTF8*$!
{
	archiveVersion = 1;
	classes = {
	};
	objectVersion = 51;
	objects = {

/* Begin PBXBuildFile section */
		214516FB256234CE00AB2B7F /* Hotels.swift in Sources */ = {isa = PBXBuildFile; fileRef = 214516F8256234CD00AB2B7F /* Hotels.swift */; };
		214516FC256234CE00AB2B7F /* HotelsDetail.swift in Sources */ = {isa = PBXBuildFile; fileRef = 214516F9256234CD00AB2B7F /* HotelsDetail.swift */; };
		214516FD256234CE00AB2B7F /* HotelsServicesOffered.swift in Sources */ = {isa = PBXBuildFile; fileRef = 214516FA256234CE00AB2B7F /* HotelsServicesOffered.swift */; };
		214517012563347400AB2B7F /* DetailView.swift in Sources */ = {isa = PBXBuildFile; fileRef = 214517002563347400AB2B7F /* DetailView.swift */; };
		214517042563352700AB2B7F /* WebView.swift in Sources */ = {isa = PBXBuildFile; fileRef = 214517032563352700AB2B7F /* WebView.swift */; };
		21C47BD6256657150069EF39 /* RemoteImage.swift in Sources */ = {isa = PBXBuildFile; fileRef = 21C47BD5256657150069EF39 /* RemoteImage.swift */; };
		21C47BDA256657FB0069EF39 /* HotelsView.swift in Sources */ = {isa = PBXBuildFile; fileRef = 21C47BD9256657FB0069EF39 /* HotelsView.swift */; };
		21CAE92F25610A8200F1D2DA /* touristLocationApp.swift in Sources */ = {isa = PBXBuildFile; fileRef = 21CAE92E25610A8200F1D2DA /* touristLocationApp.swift */; };
		21CAE93125610A8200F1D2DA /* ContentView.swift in Sources */ = {isa = PBXBuildFile; fileRef = 21CAE93025610A8200F1D2DA /* ContentView.swift */; };
		21CAE93325610A8300F1D2DA /* Assets.xcassets in Resources */ = {isa = PBXBuildFile; fileRef = 21CAE93225610A8300F1D2DA /* Assets.xcassets */; };
		21CAE93625610A8300F1D2DA /* Preview Assets.xcassets in Resources */ = {isa = PBXBuildFile; fileRef = 21CAE93525610A8300F1D2DA /* Preview Assets.xcassets */; };
		21CAE95F2561157200F1D2DA /* PageControl.swift in Sources */ = {isa = PBXBuildFile; fileRef = 21CAE95D2561157200F1D2DA /* PageControl.swift */; };
		21CAE9602561157200F1D2DA /* PageViewController.swift in Sources */ = {isa = PBXBuildFile; fileRef = 21CAE95E2561157200F1D2DA /* PageViewController.swift */; };
		21CAE98B256129C100F1D2DA /* DbFireStore.swift in Sources */ = {isa = PBXBuildFile; fileRef = 21CAE98A256129C100F1D2DA /* DbFireStore.swift */; };
		AC82CB4663A061154F4B27A8 /* Pods_touristLocation.framework in Frameworks */ = {isa = PBXBuildFile; fileRef = CDD4FF85C553D61FD870C7AD /* Pods_touristLocation.framework */; };
/* End PBXBuildFile section */

/* Begin PBXFileReference section */
		214516F8256234CD00AB2B7F /* Hotels.swift */ = {isa = PBXFileReference; fileEncoding = 4; lastKnownFileType = sourcecode.swift; path = Hotels.swift; sourceTree = "<group>"; };
		214516F9256234CD00AB2B7F /* HotelsDetail.swift */ = {isa = PBXFileReference; fileEncoding = 4; lastKnownFileType = sourcecode.swift; path = HotelsDetail.swift; sourceTree = "<group>"; };
		214516FA256234CE00AB2B7F /* HotelsServicesOffered.swift */ = {isa = PBXFileReference; fileEncoding = 4; lastKnownFileType = sourcecode.swift; path = HotelsServicesOffered.swift; sourceTree = "<group>"; };
		214517002563347400AB2B7F /* DetailView.swift */ = {isa = PBXFileReference; fileEncoding = 4; lastKnownFileType = sourcecode.swift; path = DetailView.swift; sourceTree = "<group>"; };
		214517032563352700AB2B7F /* WebView.swift */ = {isa = PBXFileReference; fileEncoding = 4; lastKnownFileType = sourcecode.swift; path = WebView.swift; sourceTree = "<group>"; };
		21C47BD5256657150069EF39 /* RemoteImage.swift */ = {isa = PBXFileReference; lastKnownFileType = sourcecode.swift; path = RemoteImage.swift; sourceTree = "<group>"; };
		21C47BD9256657FB0069EF39 /* HotelsView.swift */ = {isa = PBXFileReference; lastKnownFileType = sourcecode.swift; path = HotelsView.swift; sourceTree = "<group>"; };
		21CAE92B25610A8200F1D2DA /* touristLocation.app */ = {isa = PBXFileReference; explicitFileType = wrapper.application; includeInIndex = 0; path = touristLocation.app; sourceTree = BUILT_PRODUCTS_DIR; };
		21CAE92E25610A8200F1D2DA /* touristLocationApp.swift */ = {isa = PBXFileReference; lastKnownFileType = sourcecode.swift; path = touristLocationApp.swift; sourceTree = "<group>"; };
		21CAE93025610A8200F1D2DA /* ContentView.swift */ = {isa = PBXFileReference; lastKnownFileType = sourcecode.swift; path = ContentView.swift; sourceTree = "<group>"; };
		21CAE93225610A8300F1D2DA /* Assets.xcassets */ = {isa = PBXFileReference; lastKnownFileType = folder.assetcatalog; path = Assets.xcassets; sourceTree = "<group>"; };
		21CAE93525610A8300F1D2DA /* Preview Assets.xcassets */ = {isa = PBXFileReference; lastKnownFileType = folder.assetcatalog; path = "Preview Assets.xcassets"; sourceTree = "<group>"; };
		21CAE93725610A8300F1D2DA /* Info.plist */ = {isa = PBXFileReference; lastKnownFileType = text.plist.xml; path = Info.plist; sourceTree = "<group>"; };
		21CAE95D2561157200F1D2DA /* PageControl.swift */ = {isa = PBXFileReference; fileEncoding = 4; lastKnownFileType = sourcecode.swift; path = PageControl.swift; sourceTree = "<group>"; };
		21CAE95E2561157200F1D2DA /* PageViewController.swift */ = {isa = PBXFileReference; fileEncoding = 4; lastKnownFileType = sourcecode.swift; path = PageViewController.swift; sourceTree = "<group>"; };
		21CAE97B256127B200F1D2DA /* GoogleService-Info.plist */ = {isa = PBXFileReference; lastKnownFileType = text.plist.xml; path = "GoogleService-Info.plist"; sourceTree = "<group>"; };
		21CAE98A256129C100F1D2DA /* DbFireStore.swift */ = {isa = PBXFileReference; lastKnownFileType = sourcecode.swift; path = DbFireStore.swift; sourceTree = "<group>"; };
		493799134A6B177A5E386BB8 /* Pods-touristLocation.debug.xcconfig */ = {isa = PBXFileReference; includeInIndex = 1; lastKnownFileType = text.xcconfig; name = "Pods-touristLocation.debug.xcconfig"; path = "Target Support Files/Pods-touristLocation/Pods-touristLocation.debug.xcconfig"; sourceTree = "<group>"; };
		9DF8EB09AE161FE0D7A9D2B0 /* Pods-touristLocation.release.xcconfig */ = {isa = PBXFileReference; includeInIndex = 1; lastKnownFileType = text.xcconfig; name = "Pods-touristLocation.release.xcconfig"; path = "Target Support Files/Pods-touristLocation/Pods-touristLocation.release.xcconfig"; sourceTree = "<group>"; };
		CDD4FF85C553D61FD870C7AD /* Pods_touristLocation.framework */ = {isa = PBXFileReference; explicitFileType = wrapper.framework; includeInIndex = 0; path = Pods_touristLocation.framework; sourceTree = BUILT_PRODUCTS_DIR; };
/* End PBXFileReference section */

/* Begin PBXFrameworksBuildPhase section */
		21CAE92825610A8200F1D2DA /* Frameworks */ = {
			isa = PBXFrameworksBuildPhase;
			buildActionMask = 2147483647;
			files = (
				AC82CB4663A061154F4B27A8 /* Pods_touristLocation.framework in Frameworks */,
			);
			runOnlyForDeploymentPostprocessing = 0;
		};
/* End PBXFrameworksBuildPhase section */

/* Begin PBXGroup section */
		21CAE92225610A8200F1D2DA = {
			isa = PBXGroup;
			children = (
				21CAE92D25610A8200F1D2DA /* touristLocation */,
				21CAE92C25610A8200F1D2DA /* Products */,
				D56DDBA90604B44D0F3BDFBF /* Pods */,
				261F235A6C82AC5574233766 /* Frameworks */,
			);
			sourceTree = "<group>";
		};
		21CAE92C25610A8200F1D2DA /* Products */ = {
			isa = PBXGroup;
			children = (
				21CAE92B25610A8200F1D2DA /* touristLocation.app */,
			);
			name = Products;
			sourceTree = "<group>";
		};
		21CAE92D25610A8200F1D2DA /* touristLocation */ = {
			isa = PBXGroup;
			children = (
				21CAE962256118A200F1D2DA /* Control */,
				21CAE9522561112300F1D2DA /* Model */,
				21CAE94225610D7F00F1D2DA /* Views */,
				21CAE92E25610A8200F1D2DA /* touristLocationApp.swift */,
				21CAE93225610A8300F1D2DA /* Assets.xcassets */,
				21CAE93725610A8300F1D2DA /* Info.plist */,
				21CAE97B256127B200F1D2DA /* GoogleService-Info.plist */,
				21CAE93425610A8300F1D2DA /* Preview Content */,
			);
			path = touristLocation;
			sourceTree = "<group>";
		};
		21CAE93425610A8300F1D2DA /* Preview Content */ = {
			isa = PBXGroup;
			children = (
				21CAE93525610A8300F1D2DA /* Preview Assets.xcassets */,
			);
			path = "Preview Content";
			sourceTree = "<group>";
		};
		21CAE94225610D7F00F1D2DA /* Views */ = {
			isa = PBXGroup;
			children = (
				214517002563347400AB2B7F /* DetailView.swift */,
				21CAE93025610A8200F1D2DA /* ContentView.swift */,
				214517032563352700AB2B7F /* WebView.swift */,
				21C47BD5256657150069EF39 /* RemoteImage.swift */,
				21C47BD9256657FB0069EF39 /* HotelsView.swift */,
			);
			path = Views;
			sourceTree = "<group>";
		};
		21CAE9522561112300F1D2DA /* Model */ = {
			isa = PBXGroup;
			children = (
				214516F8256234CD00AB2B7F /* Hotels.swift */,
				214516F9256234CD00AB2B7F /* HotelsDetail.swift */,
				214516FA256234CE00AB2B7F /* HotelsServicesOffered.swift */,
				21CAE98A256129C100F1D2DA /* DbFireStore.swift */,
			);
			path = Model;
			sourceTree = "<group>";
		};
		21CAE962256118A200F1D2DA /* Control */ = {
			isa = PBXGroup;
			children = (
				21CAE95E2561157200F1D2DA /* PageViewController.swift */,
				21CAE95D2561157200F1D2DA /* PageControl.swift */,
			);
			path = Control;
			sourceTree = "<group>";
		};
		261F235A6C82AC5574233766 /* Frameworks */ = {
			isa = PBXGroup;
			children = (
				CDD4FF85C553D61FD870C7AD /* Pods_touristLocation.framework */,
			);
			name = Frameworks;
			sourceTree = "<group>";
		};
		D56DDBA90604B44D0F3BDFBF /* Pods */ = {
			isa = PBXGroup;
			children = (
				493799134A6B177A5E386BB8 /* Pods-touristLocation.debug.xcconfig */,
				9DF8EB09AE161FE0D7A9D2B0 /* Pods-touristLocation.release.xcconfig */,
			);
			path = Pods;
			sourceTree = "<group>";
		};
/* End PBXGroup section */

/* Begin PBXNativeTarget section */
		21CAE92A25610A8200F1D2DA /* touristLocation */ = {
			isa = PBXNativeTarget;
			buildConfigurationList = 21CAE93A25610A8300F1D2DA /* Build configuration list for PBXNativeTarget "touristLocation" */;
			buildPhases = (
				B16F8DC1529B1F8F4DD8AB82 /* [CP] Check Pods Manifest.lock */,
				21CAE92725610A8200F1D2DA /* Sources */,
				21CAE92825610A8200F1D2DA /* Frameworks */,
				21CAE92925610A8200F1D2DA /* Resources */,
				F662CC635034426A326D16ED /* [CP] Embed Pods Frameworks */,
			);
			buildRules = (
			);
			dependencies = (
			);
			name = touristLocation;
			productName = touristLocation;
			productReference = 21CAE92B25610A8200F1D2DA /* touristLocation.app */;
			productType = "com.apple.product-type.application";
		};
/* End PBXNativeTarget section */

/* Begin PBXProject section */
		21CAE92325610A8200F1D2DA /* Project object */ = {
			isa = PBXProject;
			attributes = {
				LastSwiftUpdateCheck = 1220;
				LastUpgradeCheck = 1220;
				TargetAttributes = {
					21CAE92A25610A8200F1D2DA = {
						CreatedOnToolsVersion = 12.2;
					};
				};
			};
			buildConfigurationList = 21CAE92625610A8200F1D2DA /* Build configuration list for PBXProject "touristLocation" */;
			compatibilityVersion = "Xcode 9.3";
			developmentRegion = en;
			hasScannedForEncodings = 0;
			knownRegions = (
				en,
				Base,
			);
			mainGroup = 21CAE92225610A8200F1D2DA;
			productRefGroup = 21CAE92C25610A8200F1D2DA /* Products */;
			projectDirPath = "";
			projectRoot = "";
			targets = (
				21CAE92A25610A8200F1D2DA /* touristLocation */,
			);
		};
/* End PBXProject section */

/* Begin PBXResourcesBuildPhase section */
		21CAE92925610A8200F1D2DA /* Resources */ = {
			isa = PBXResourcesBuildPhase;
			buildActionMask = 2147483647;
			files = (
				21CAE93625610A8300F1D2DA /* Preview Assets.xcassets in Resources */,
				21CAE93325610A8300F1D2DA /* Assets.xcassets in Resources */,
			);
			runOnlyForDeploymentPostprocessing = 0;
		};
/* End PBXResourcesBuildPhase section */

/* Begin PBXShellScriptBuildPhase section */
		B16F8DC1529B1F8F4DD8AB82 /* [CP] Check Pods Manifest.lock */ = {
			isa = PBXShellScriptBuildPhase;
			buildActionMask = 2147483647;
			files = (
			);
			inputFileListPaths = (
			);
			inputPaths = (
				"${PODS_PODFILE_DIR_PATH}/Podfile.lock",
				"${PODS_ROOT}/Manifest.lock",
			);
			name = "[CP] Check Pods Manifest.lock";
			outputFileListPaths = (
			);
			outputPaths = (
				"$(DERIVED_FILE_DIR)/Pods-touristLocation-checkManifestLockResult.txt",
			);
			runOnlyForDeploymentPostprocessing = 0;
			shellPath = /bin/sh;
			shellScript = "diff \"${PODS_PODFILE_DIR_PATH}/Podfile.lock\" \"${PODS_ROOT}/Manifest.lock\" > /dev/null\nif [ $? != 0 ] ; then\n    # print error to STDERR\n    echo \"error: The sandbox is not in sync with the Podfile.lock. Run 'pod install' or update your CocoaPods installation.\" >&2\n    exit 1\nfi\n# This output is used by Xcode 'outputs' to avoid re-running this script phase.\necho \"SUCCESS\" > \"${SCRIPT_OUTPUT_FILE_0}\"\n";
			showEnvVarsInLog = 0;
		};
		F662CC635034426A326D16ED /* [CP] Embed Pods Frameworks */ = {
			isa = PBXShellScriptBuildPhase;
			buildActionMask = 2147483647;
			files = (
			);
			inputFileListPaths = (
				"${PODS_ROOT}/Target Support Files/Pods-touristLocation/Pods-touristLocation-frameworks-${CONFIGURATION}-input-files.xcfilelist",
			);
			name = "[CP] Embed Pods Frameworks";
			outputFileListPaths = (
				"${PODS_ROOT}/Target Support Files/Pods-touristLocation/Pods-touristLocation-frameworks-${CONFIGURATION}-output-files.xcfilelist",
			);
			runOnlyForDeploymentPostprocessing = 0;
			shellPath = /bin/sh;
			shellScript = "\"${PODS_ROOT}/Target Support Files/Pods-touristLocation/Pods-touristLocation-frameworks.sh\"\n";
			showEnvVarsInLog = 0;
		};
/* End PBXShellScriptBuildPhase section */

/* Begin PBXSourcesBuildPhase section */
		21CAE92725610A8200F1D2DA /* Sources */ = {
			isa = PBXSourcesBuildPhase;
			buildActionMask = 2147483647;
			files = (
				214516FB256234CE00AB2B7F /* Hotels.swift in Sources */,
				214516FC256234CE00AB2B7F /* HotelsDetail.swift in Sources */,
				21C47BD6256657150069EF39 /* RemoteImage.swift in Sources */,
				21C47BDA256657FB0069EF39 /* HotelsView.swift in Sources */,
				21CAE9602561157200F1D2DA /* PageViewController.swift in Sources */,
				21CAE93125610A8200F1D2DA /* ContentView.swift in Sources */,
				21CAE98B256129C100F1D2DA /* DbFireStore.swift in Sources */,
				214517012563347400AB2B7F /* DetailView.swift in Sources */,
				21CAE95F2561157200F1D2DA /* PageControl.swift in Sources */,
				214516FD256234CE00AB2B7F /* HotelsServicesOffered.swift in Sources */,
				21CAE92F25610A8200F1D2DA /* touristLocationApp.swift in Sources */,
				214517042563352700AB2B7F /* WebView.swift in Sources */,
			);
			runOnlyForDeploymentPostprocessing = 0;
		};
/* End PBXSourcesBuildPhase section */

/* Begin XCBuildConfiguration section */
		21CAE93825610A8300F1D2DA /* Debug */ = {
			isa = XCBuildConfiguration;
			buildSettings = {
				ALWAYS_SEARCH_USER_PATHS = NO;
				CLANG_ANALYZER_NONNULL = YES;
				CLANG_ANALYZER_NUMBER_OBJECT_CONVERSION = YES_AGGRESSIVE;
				CLANG_CXX_LANGUAGE_STANDARD = "gnu++14";
				CLANG_CXX_LIBRARY = "libc++";
				CLANG_ENABLE_MODULES = YES;
				CLANG_ENABLE_OBJC_ARC = YES;
				CLANG_ENABLE_OBJC_WEAK = YES;
				CLANG_WARN_BLOCK_CAPTURE_AUTORELEASING = YES;
				CLANG_WARN_BOOL_CONVERSION = YES;
				CLANG_WARN_COMMA = YES;
				CLANG_WARN_CONSTANT_CONVERSION = YES;
				CLANG_WARN_DEPRECATED_OBJC_IMPLEMENTATIONS = YES;
				CLANG_WARN_DIRECT_OBJC_ISA_USAGE = YES_ERROR;
				CLANG_WARN_DOCUMENTATION_COMMENTS = YES;
				CLANG_WARN_EMPTY_BODY = YES;
				CLANG_WARN_ENUM_CONVERSION = YES;
				CLANG_WARN_INFINITE_RECURSION = YES;
				CLANG_WARN_INT_CONVERSION = YES;
				CLANG_WARN_NON_LITERAL_NULL_CONVERSION = YES;
				CLANG_WARN_OBJC_IMPLICIT_RETAIN_SELF = YES;
				CLANG_WARN_OBJC_LITERAL_CONVERSION = YES;
				CLANG_WARN_OBJC_ROOT_CLASS = YES_ERROR;
				CLANG_WARN_QUOTED_INCLUDE_IN_FRAMEWORK_HEADER = YES;
				CLANG_WARN_RANGE_LOOP_ANALYSIS = YES;
				CLANG_WARN_STRICT_PROTOTYPES = YES;
				CLANG_WARN_SUSPICIOUS_MOVE = YES;
				CLANG_WARN_UNGUARDED_AVAILABILITY = YES_AGGRESSIVE;
				CLANG_WARN_UNREACHABLE_CODE = YES;
				CLANG_WARN__DUPLICATE_METHOD_MATCH = YES;
				COPY_PHASE_STRIP = NO;
				DEBUG_INFORMATION_FORMAT = dwarf;
				ENABLE_STRICT_OBJC_MSGSEND = YES;
				ENABLE_TESTABILITY = YES;
				GCC_C_LANGUAGE_STANDARD = gnu11;
				GCC_DYNAMIC_NO_PIC = NO;
				GCC_NO_COMMON_BLOCKS = YES;
				GCC_OPTIMIZATION_LEVEL = 0;
				GCC_PREPROCESSOR_DEFINITIONS = (
					"DEBUG=1",
					"$(inherited)",
				);
				GCC_WARN_64_TO_32_BIT_CONVERSION = YES;
				GCC_WARN_ABOUT_RETURN_TYPE = YES_ERROR;
				GCC_WARN_UNDECLARED_SELECTOR = YES;
				GCC_WARN_UNINITIALIZED_AUTOS = YES_AGGRESSIVE;
				GCC_WARN_UNUSED_FUNCTION = YES;
				GCC_WARN_UNUSED_VARIABLE = YES;
				IPHONEOS_DEPLOYMENT_TARGET = 14.2;
				MTL_ENABLE_DEBUG_INFO = INCLUDE_SOURCE;
				MTL_FAST_MATH = YES;
				ONLY_ACTIVE_ARCH = YES;
				SDKROOT = iphoneos;
				SWIFT_ACTIVE_COMPILATION_CONDITIONS = DEBUG;
				SWIFT_OPTIMIZATION_LEVEL = "-Onone";
			};
			name = Debug;
		};
		21CAE93925610A8300F1D2DA /* Release */ = {
			isa = XCBuildConfiguration;
			buildSettings = {
				ALWAYS_SEARCH_USER_PATHS = NO;
				CLANG_ANALYZER_NONNULL = YES;
				CLANG_ANALYZER_NUMBER_OBJECT_CONVERSION = YES_AGGRESSIVE;
				CLANG_CXX_LANGUAGE_STANDARD = "gnu++14";
				CLANG_CXX_LIBRARY = "libc++";
				CLANG_ENABLE_MODULES = YES;
				CLANG_ENABLE_OBJC_ARC = YES;
				CLANG_ENABLE_OBJC_WEAK = YES;
				CLANG_WARN_BLOCK_CAPTURE_AUTORELEASING = YES;
				CLANG_WARN_BOOL_CONVERSION = YES;
				CLANG_WARN_COMMA = YES;
				CLANG_WARN_CONSTANT_CONVERSION = YES;
				CLANG_WARN_DEPRECATED_OBJC_IMPLEMENTATIONS = YES;
				CLANG_WARN_DIRECT_OBJC_ISA_USAGE = YES_ERROR;
				CLANG_WARN_DOCUMENTATION_COMMENTS = YES;
				CLANG_WARN_EMPTY_BODY = YES;
				CLANG_WARN_ENUM_CONVERSION = YES;
				CLANG_WARN_INFINITE_RECURSION = YES;
				CLANG_WARN_INT_CONVERSION = YES;
				CLANG_WARN_NON_LITERAL_NULL_CONVERSION = YES;
				CLANG_WARN_OBJC_IMPLICIT_RETAIN_SELF = YES;
				CLANG_WARN_OBJC_LITERAL_CONVERSION = YES;
				CLANG_WARN_OBJC_ROOT_CLASS = YES_ERROR;
				CLANG_WARN_QUOTED_INCLUDE_IN_FRAMEWORK_HEADER = YES;
				CLANG_WARN_RANGE_LOOP_ANALYSIS = YES;
				CLANG_WARN_STRICT_PROTOTYPES = YES;
				CLANG_WARN_SUSPICIOUS_MOVE = YES;
				CLANG_WARN_UNGUARDED_AVAILABILITY = YES_AGGRESSIVE;
				CLANG_WARN_UNREACHABLE_CODE = YES;
				CLANG_WARN__DUPLICATE_METHOD_MATCH = YES;
				COPY_PHASE_STRIP = NO;
				DEBUG_INFORMATION_FORMAT = "dwarf-with-dsym";
				ENABLE_NS_ASSERTIONS = NO;
				ENABLE_STRICT_OBJC_MSGSEND = YES;
				GCC_C_LANGUAGE_STANDARD = gnu11;
				GCC_NO_COMMON_BLOCKS = YES;
				GCC_WARN_64_TO_32_BIT_CONVERSION = YES;
				GCC_WARN_ABOUT_RETURN_TYPE = YES_ERROR;
				GCC_WARN_UNDECLARED_SELECTOR = YES;
				GCC_WARN_UNINITIALIZED_AUTOS = YES_AGGRESSIVE;
				GCC_WARN_UNUSED_FUNCTION = YES;
				GCC_WARN_UNUSED_VARIABLE = YES;
				IPHONEOS_DEPLOYMENT_TARGET = 14.2;
				MTL_ENABLE_DEBUG_INFO = NO;
				MTL_FAST_MATH = YES;
				SDKROOT = iphoneos;
				SWIFT_COMPILATION_MODE = wholemodule;
				SWIFT_OPTIMIZATION_LEVEL = "-O";
				VALIDATE_PRODUCT = YES;
			};
			name = Release;
		};
		21CAE93B25610A8300F1D2DA /* Debug */ = {
			isa = XCBuildConfiguration;
			baseConfigurationReference = 493799134A6B177A5E386BB8 /* Pods-touristLocation.debug.xcconfig */;
			buildSettings = {
				ASSETCATALOG_COMPILER_APPICON_NAME = AppIcon;
				ASSETCATALOG_COMPILER_GLOBAL_ACCENT_COLOR_NAME = AccentColor;
				CODE_SIGN_STYLE = Automatic;
				DEVELOPMENT_ASSET_PATHS = "\"touristLocation/Preview Content\"";
				DEVELOPMENT_TEAM = YZF987JXA4;
				ENABLE_PREVIEWS = YES;
				INFOPLIST_FILE = touristLocation/Info.plist;
				IPHONEOS_DEPLOYMENT_TARGET = 14.0;
				LD_RUNPATH_SEARCH_PATHS = (
					"$(inherited)",
					"@executable_path/Frameworks",
				);
				PRODUCT_BUNDLE_IDENTIFIER = com.PYJY.lanjin.touristLocation;
				PRODUCT_NAME = "$(TARGET_NAME)";
				SWIFT_VERSION = 5.0;
				TARGETED_DEVICE_FAMILY = "1,2";
			};
			name = Debug;
		};
		21CAE93C25610A8300F1D2DA /* Release */ = {
			isa = XCBuildConfiguration;
			baseConfigurationReference = 9DF8EB09AE161FE0D7A9D2B0 /* Pods-touristLocation.release.xcconfig */;
			buildSettings = {
				ASSETCATALOG_COMPILER_APPICON_NAME = AppIcon;
				ASSETCATALOG_COMPILER_GLOBAL_ACCENT_COLOR_NAME = AccentColor;
				CODE_SIGN_STYLE = Automatic;
				DEVELOPMENT_ASSET_PATHS = "\"touristLocation/Preview Content\"";
				DEVELOPMENT_TEAM = YZF987JXA4;
				ENABLE_PREVIEWS = YES;
				INFOPLIST_FILE = touristLocation/Info.plist;
				IPHONEOS_DEPLOYMENT_TARGET = 14.0;
				LD_RUNPATH_SEARCH_PATHS = (
					"$(inherited)",
					"@executable_path/Frameworks",
				);
				PRODUCT_BUNDLE_IDENTIFIER = com.PYJY.lanjin.touristLocation;
				PRODUCT_NAME = "$(TARGET_NAME)";
				SWIFT_VERSION = 5.0;
				TARGETED_DEVICE_FAMILY = "1,2";
			};
			name = Release;
		};
/* End XCBuildConfiguration section */

/* Begin XCConfigurationList section */
		21CAE92625610A8200F1D2DA /* Build configuration list for PBXProject "touristLocation" */ = {
			isa = XCConfigurationList;
			buildConfigurations = (
				21CAE93825610A8300F1D2DA /* Debug */,
				21CAE93925610A8300F1D2DA /* Release */,
			);
			defaultConfigurationIsVisible = 0;
			defaultConfigurationName = Release;
		};
		21CAE93A25610A8300F1D2DA /* Build configuration list for PBXNativeTarget "touristLocation" */ = {
			isa = XCConfigurationList;
			buildConfigurations = (
				21CAE93B25610A8300F1D2DA /* Debug */,
				21CAE93C25610A8300F1D2DA /* Release */,
			);
			defaultConfigurationIsVisible = 0;
			defaultConfigurationName = Release;
		};
/* End XCConfigurationList section */
	};
	rootObject = 21CAE92325610A8200F1D2DA /* Project object */;
}
